
Microsoft Visual Studio Solution File, Format Version 12.00
# Visual Studio Version 17
VisualStudioVersion = 17.9.34723.18
MinimumVisualStudioVersion = 10.0.40219.1
Project("{FAE04EC0-301F-11D3-BF4B-00C04F79EFBC}") = "Arena", "Arena\Arena.csproj", "{EF436B25-EF05-4801-88F8-6FEDF94C5573}"
EndProject
Global
	GlobalSection(SolutionConfigurationPlatforms) = preSolution
		Debug|Any CPU = Debug|Any CPU
		Release|Any CPU = Release|Any CPU
	EndGlobalSection
	GlobalSection(ProjectConfigurationPlatforms) = postSolution
		{EF436B25-EF05-4801-88F8-6FEDF94C5573}.Debug|Any CPU.ActiveCfg = Debug|Any CPU
		{EF436B25-EF05-4801-88F8-6FEDF94C5573}.Debug|Any CPU.Build.0 = Debug|Any CPU
		{EF436B25-EF05-4801-88F8-6FEDF94C5573}.Release|Any CPU.ActiveCfg = Release|Any CPU
		{EF436B25-EF05-4801-88F8-6FEDF94C5573}.Release|Any CPU.Build.0 = Release|Any CPU
	EndGlobalSection
	GlobalSection(SolutionProperties) = preSolution
		HideSolutionNode = FALSE
	EndGlobalSection
	GlobalSection(ExtensibilityGlobals) = postSolution
		SolutionGuid = {C1804FA4-5D70-44DF-8814-17497F91A3B4}
	EndGlobalSection
EndGlobal
